# This file is autogenerated, do not edit; changes may be undone by the next 'dep ensure'.


[[projects]]
  name = "cloud.google.com/go"
  packages = ["compute/metadata"]
  revision = "28b507a1143b9134490384bc95088187dde1b96a"

[[projects]]
  name = "github.com/PuerkitoBio/purell"
  packages = ["."]
  revision = "0bcb03f4b4d0a9428594752bd2a3b9aa0a9d4bd4"
  version = "v1.1.0"

[[projects]]
  name = "github.com/PuerkitoBio/urlesc"
  packages = ["."]
  revision = "5bd2802263f21d8788851d5305584c82a5c75d7e"

[[projects]]
  name = "github.com/davecgh/go-spew"
  packages = ["spew"]
  revision = "346938d642f2ec3594ed81d874461961cd0faa76"
  version = "v1.1.0"

[[projects]]
  name = "github.com/emicklei/go-restful"
  packages = [
    ".",
    "log"
  ]
  revision = "09691a3b6378b740595c1002f40c34dd5f218a22"

[[projects]]
  branch = "master"
  name = "github.com/emicklei/go-restful-swagger12"
  packages = ["."]
  revision = "7524189396c68dc4b04d53852f9edc00f816b123"

[[projects]]
  name = "github.com/fatih/color"
  packages = ["."]
  revision = "87d4004f2ab62d0d255e0a38f1680aa534549fe3"
  version = "v1.0.0"

[[projects]]
  name = "github.com/ghodss/yaml"
  packages = ["."]
  revision = "04f313413ffd65ce25f2541bfd2b2ceec5c0908c"

[[projects]]
  name = "github.com/go-openapi/jsonpointer"
  packages = ["."]
  revision = "8d96a2dc61536b690bd36b2e9df0b3c0b62825b2"

[[projects]]
  name = "github.com/go-openapi/jsonreference"
  packages = ["."]
  revision = "36d33bfe519efae5632669801b180bf1a245da3b"

[[projects]]
  name = "github.com/go-openapi/spec"
  packages = ["."]
  revision = "f7ae86df5bc115a2744343016c789a89f065a4bd"

[[projects]]
  name = "github.com/go-openapi/swag"
  packages = ["."]
  revision = "3b6d86cd965820f968760d5d419cb4add096bdd7"

[[projects]]
  name = "github.com/gogo/protobuf"
  packages = [
    "proto",
    "sortkeys"
  ]
  revision = "06ec6c31ff1bac6ed4e205a547a3d72934813ef3"

[[projects]]
  branch = "master"
  name = "github.com/golang/glog"
  packages = ["."]
  revision = "23def4e6c14b4da8ac2ed8007337bc5eb5007998"

[[projects]]
  name = "github.com/golang/protobuf"
  packages = [
    "proto",
    "ptypes",
    "ptypes/any",
    "ptypes/duration",
    "ptypes/timestamp"
  ]
  revision = "8ee79997227bf9b34611aee7946ae64735e6fd93"

[[projects]]
  name = "github.com/google/btree"
  packages = ["."]
  revision = "316fb6d3f031ae8f4d457c6c5186b9e3ded70435"

[[projects]]
  name = "github.com/google/gofuzz"
  packages = ["."]
  revision = "44d81051d367757e1c7c6a5a86423ece9afcf63c"

[[projects]]
  name = "github.com/googleapis/gnostic"
  packages = [
    "OpenAPIv2",
    "compiler",
    "extensions"
  ]
  revision = "41d03372f44f2bc18a72c97615a669fb60e7452a"

[[projects]]
  name = "github.com/gregjones/httpcache"
  packages = [
    ".",
    "diskcache"
  ]
  revision = "2bcd89a1743fd4b373f7370ce8ddc14dfbd18229"

[[projects]]
  branch = "master"
  name = "github.com/howeyc/gopass"
  packages = ["."]
  revision = "bf9dde6d0d2c004a008c27aaee91170c786f6db8"

[[projects]]
  name = "github.com/imdario/mergo"
  packages = ["."]
  revision = "7fe0c75c13abdee74b09fcacef5ea1c6bba6a874"
  version = "0.2.4"

[[projects]]
  name = "github.com/inconshreveable/mousetrap"
  packages = ["."]
  revision = "76626ae9c91c4f2a10f34cad8ce83ea42c93bb75"
  version = "v1.0"

[[projects]]
  name = "github.com/json-iterator/go"
  packages = ["."]
  revision = "051434fab7e041ee2834e049ceae37492fc0412c"

[[projects]]
  name = "github.com/juju/ratelimit"
  packages = ["."]
  revision = "59fac5042749a5afb9af70e813da1dd5474f0167"
  version = "1.0.1"

[[projects]]
  name = "github.com/mailru/easyjson"
  packages = [
    "buffer",
    "jlexer",
    "jwriter"
  ]
  revision = "9d6630dc8c577b56cb9687a9cf9e8578aca7298a"

[[projects]]
  name = "github.com/mattn/go-colorable"
  packages = ["."]
  revision = "ed8eb9e318d7a84ce5915b495b7d35e0cfe7b5a8"
  version = "v0.0.6"

[[projects]]
  name = "github.com/mattn/go-isatty"
  packages = ["."]
  revision = "66b8e73f3f5cda9f96b69efd03dd3d7fc4a5cdb8"

[[projects]]
  branch = "master"
  name = "github.com/mitchellh/go-homedir"
  packages = ["."]
  revision = "b8bc1bf767474819792c23f32d8286a45736f1c6"

[[projects]]
  branch = "master"
  name = "github.com/petar/GoLLRB"
  packages = ["llrb"]
  revision = "53be0d36a84c2a886ca057d34b6aa4468df9ccb4"

[[projects]]
  name = "github.com/peterbourgon/diskv"
  packages = ["."]
  revision = "2973218375c3d13162e1d3afe1708aaee318ef3f"

[[projects]]
  name = "github.com/pkg/errors"
  packages = ["."]
  revision = "a887431f7f6ef7687b556dbf718d9f351d4858a0"

[[projects]]
  name = "github.com/spf13/cobra"
  packages = ["."]
  revision = "92ea23a837e66f46ac9e7d04fa826602b7b0a42d"

[[projects]]
  name = "github.com/spf13/pflag"
  packages = ["."]
  revision = "25f8b5b07aece3207895bf19f7ab517eb3b22a40"

[[projects]]
  name = "golang.org/x/crypto"
  packages = ["ssh/terminal"]
  revision = "94eea52f7b742c7cbe0b03b22f0c4c8631ece122"

[[projects]]
  name = "golang.org/x/net"
  packages = [
    "context",
    "context/ctxhttp",
    "http2",
    "http2/hpack",
    "idna",
    "lex/httplex"
  ]
  revision = "cfae461cedfdcab6e261a26eb77db53695623303"

[[projects]]
  name = "golang.org/x/oauth2"
  packages = [
    ".",
    "google",
    "internal",
    "jws",
    "jwt"
  ]
  revision = "f95fa95eaa936d9d87489b15d1d18b97c1ba9c28"

[[projects]]
  name = "golang.org/x/sys"
  packages = [
    "unix",
    "windows"
  ]
  revision = "8b4580aae2a0dd0c231a45d3ccb8434ff533b840"

[[projects]]
  name = "golang.org/x/text"
  packages = [
    "internal/gen",
    "internal/triegen",
    "internal/ucd",
    "transform",
    "unicode/cldr",
    "unicode/norm",
    "width"
  ]
  revision = "75cc3cad82b5f47d3fb229ddda8c5167da14f294"

[[projects]]
  name = "google.golang.org/appengine"
  packages = [
    ".",
    "internal",
    "internal/app_identity",
    "internal/base",
    "internal/datastore",
    "internal/log",
    "internal/modules",
    "internal/remote_api",
    "internal/urlfetch",
    "urlfetch"
  ]
  revision = "9d8544a6b2c7df9cff240fcf92d7b2f59bc13416"

[[projects]]
  name = "gopkg.in/inf.v0"
  packages = ["."]
  revision = "3887ee99ecf07df5b447e9b00d9c0b2adaa9f3e4"
  version = "v0.9.0"

[[projects]]
  name = "gopkg.in/yaml.v2"
  packages = ["."]
  revision = "a5b47d31c556af34a302ce5d659e6fea44d90de0"

[[projects]]
  name = "k8s.io/api"
  packages = [
    "admissionregistration/v1alpha1",
    "apps/v1beta1",
    "apps/v1beta2",
    "authentication/v1",
    "authentication/v1beta1",
    "authorization/v1",
    "authorization/v1beta1",
    "autoscaling/v1",
    "autoscaling/v2beta1",
    "batch/v1",
    "batch/v1beta1",
    "batch/v2alpha1",
    "certificates/v1beta1",
    "core/v1",
    "extensions/v1beta1",
    "networking/v1",
    "policy/v1beta1",
    "rbac/v1",
    "rbac/v1alpha1",
    "rbac/v1beta1",
    "scheduling/v1alpha1",
    "settings/v1alpha1",
    "storage/v1",
    "storage/v1beta1"
  ]
  revision = "218912509d74a117d05a718bb926d0948e531c20"

[[projects]]
  name = "k8s.io/apimachinery"
  packages = [
    "pkg/api/equality",
    "pkg/api/errors",
    "pkg/api/meta",
    "pkg/api/resource",
    "pkg/apis/meta/v1",
    "pkg/apis/meta/v1/unstructured",
    "pkg/apis/meta/v1alpha1",
    "pkg/conversion",
    "pkg/conversion/queryparams",
    "pkg/conversion/unstructured",
    "pkg/fields",
    "pkg/labels",
    "pkg/runtime",
    "pkg/runtime/schema",
    "pkg/runtime/serializer",
    "pkg/runtime/serializer/json",
    "pkg/runtime/serializer/protobuf",
    "pkg/runtime/serializer/recognizer",
    "pkg/runtime/serializer/streaming",
    "pkg/runtime/serializer/versioning",
    "pkg/selection",
    "pkg/types",
    "pkg/util/clock",
    "pkg/util/diff",
    "pkg/util/errors",
    "pkg/util/framer",
    "pkg/util/intstr",
    "pkg/util/json",
    "pkg/util/net",
    "pkg/util/runtime",
    "pkg/util/sets",
    "pkg/util/validation",
    "pkg/util/validation/field",
    "pkg/util/wait",
    "pkg/util/yaml",
    "pkg/version",
    "pkg/watch",
    "third_party/forked/golang/reflect"
  ]
  revision = "18a564baac720819100827c16fdebcadb05b2d0d"

[[projects]]
  name = "k8s.io/client-go"
  packages = [
    "discovery",
    "kubernetes",
    "kubernetes/scheme",
    "kubernetes/typed/admissionregistration/v1alpha1",
    "kubernetes/typed/apps/v1beta1",
    "kubernetes/typed/apps/v1beta2",
    "kubernetes/typed/authentication/v1",
    "kubernetes/typed/authentication/v1beta1",
    "kubernetes/typed/authorization/v1",
    "kubernetes/typed/authorization/v1beta1",
    "kubernetes/typed/autoscaling/v1",
    "kubernetes/typed/autoscaling/v2beta1",
    "kubernetes/typed/batch/v1",
    "kubernetes/typed/batch/v1beta1",
    "kubernetes/typed/batch/v2alpha1",
    "kubernetes/typed/certificates/v1beta1",
    "kubernetes/typed/core/v1",
    "kubernetes/typed/extensions/v1beta1",
    "kubernetes/typed/networking/v1",
    "kubernetes/typed/policy/v1beta1",
    "kubernetes/typed/rbac/v1",
    "kubernetes/typed/rbac/v1alpha1",
    "kubernetes/typed/rbac/v1beta1",
    "kubernetes/typed/scheduling/v1alpha1",
    "kubernetes/typed/settings/v1alpha1",
    "kubernetes/typed/storage/v1",
    "kubernetes/typed/storage/v1beta1",
    "pkg/version",
    "plugin/pkg/client/auth/gcp",
    "plugin/pkg/client/auth/oidc",
    "rest",
    "rest/watch",
    "third_party/forked/golang/template",
    "tools/auth",
    "tools/clientcmd",
    "tools/clientcmd/api",
    "tools/clientcmd/api/latest",
    "tools/clientcmd/api/v1",
    "tools/metrics",
    "tools/reference",
    "transport",
    "util/cert",
    "util/flowcontrol",
    "util/homedir",
    "util/integer",
    "util/jsonpath"
  ]
  revision = "2ae454230481a7cb5544325e12ad7658ecccd19b"
  version = "v5.0.1"

[[projects]]
  name = "k8s.io/kube-openapi"
  packages = ["pkg/common"]
  revision = "39a7bf85c140f972372c2a0d1ee40adbf0c8bfe1"

[solve-meta]
  analyzer-name = "dep"
  analyzer-version = 1
  inputs-digest = "86adfdc6064255f20cf7bdcf4c968ff7bf81f679171aba837cecf182f2c5ced5"
  solver-name = "gps-cdcl"
  solver-version = 1
